PODS:
  - BSGridCollectionViewLayout (1.2.5)
  - BSImagePicker (2.10.3):
    - BSGridCollectionViewLayout (= 1.2.5)
    - BSImageView (= 1.0.3)
  - BSImageView (1.0.3)
  - Flutter (1.0.0)
  - multi_image_picker (4.7.14):
    - BSImagePicker (~> 2.10.3)
    - Flutter
  - tflite_flutter (0.1.0):
    - Flutter

DEPENDENCIES:
  - Flutter (from `Flutter`)
  - multi_image_picker (from `.symlinks/plugins/multi_image_picker/ios`)
  - tflite_flutter (from `.symlinks/plugins/tflite_flutter/ios`)

SPEC REPOS:
  trunk:
    - BSGridCollectionViewLayout
    - BSImagePicker
    - BSImageView

EXTERNAL SOURCES:
  Flutter:
    :path: Flutter
  multi_image_picker:
    :path: ".symlinks/plugins/multi_image_picker/ios"
  tflite_flutter:
    :path: ".symlinks/plugins/tflite_flutter/ios"

SPEC CHECKSUMS:
  BSGridCollectionViewLayout: 333dcb457a5a3bdd9212607ab5756553dcfe06cb
  BSImagePicker: 07404254f2fcdaf5a2eb403c0f8c337267ce8738
  BSImageView: a149459433a2687157d034c78e059d30ac7f2544
  Flutter: 0e3d915762c693b495b44d77113d4970485de6ec
  multi_image_picker: c068931d08240565e0615fb01437d16984909183
  tflite_flutter: 9157a660578930a99728974f247369af1c3595d5

PODFILE CHECKSUM: aafe91acc616949ddb318b77800a7f51bffa2a4c

COCOAPODS: 1.9.3
